
Microsoft Visual Studio Solution File, Format Version 12.00
# Visual Studio Version 16
VisualStudioVersion = 16.0.29911.84
MinimumVisualStudioVersion = 10.0.40219.1
Project("{9A19103F-16F7-4668-BE54-9A1E7A4F7556}") = "Demo.Api", "Demo.Api\Demo.Api.csproj", "{61EA5D47-8506-4751-98B4-254F1E460FDF}"
EndProject
Project("{9A19103F-16F7-4668-BE54-9A1E7A4F7556}") = "Demo.Web", "Demo.Web\Demo.Web.csproj", "{CEF9E2FC-24DC-463C-B7FF-1A88CACDEFD3}"
EndProject
Project("{9A19103F-16F7-4668-BE54-9A1E7A4F7556}") = "Demo.Ocelot", "Demo.Ocelot\Demo.Ocelot.csproj", "{A89477C2-3751-4418-8BEB-DFBEE2000F4B}"
EndProject
Project("{9A19103F-16F7-4668-BE54-9A1E7A4F7556}") = "Demo.IdentityServer", "Demo.IdentityServer\Demo.IdentityServer.csproj", "{E6AFCF33-0B7B-4983-8356-CA36A2123D00}"
EndProject
Project("{9A19103F-16F7-4668-BE54-9A1E7A4F7556}") = "Demo.Core", "Demo.Core\Demo.Core.csproj", "{21654788-9EBE-4288-B10C-521F8DBDC51E}"
EndProject
Project("{FAE04EC0-301F-11D3-BF4B-00C04F79EFBC}") = "Demo.Data", "Demo.Data\Demo.Data.csproj", "{E1D2B313-E180-4667-9F0D-9C1E74CB00E3}"
EndProject
Global
	GlobalSection(SolutionConfigurationPlatforms) = preSolution
		Debug|Any CPU = Debug|Any CPU
		Release|Any CPU = Release|Any CPU
	EndGlobalSection
	GlobalSection(ProjectConfigurationPlatforms) = postSolution
		{61EA5D47-8506-4751-98B4-254F1E460FDF}.Debug|Any CPU.ActiveCfg = Debug|Any CPU
		{61EA5D47-8506-4751-98B4-254F1E460FDF}.Debug|Any CPU.Build.0 = Debug|Any CPU
		{61EA5D47-8506-4751-98B4-254F1E460FDF}.Release|Any CPU.ActiveCfg = Release|Any CPU
		{61EA5D47-8506-4751-98B4-254F1E460FDF}.Release|Any CPU.Build.0 = Release|Any CPU
		{CEF9E2FC-24DC-463C-B7FF-1A88CACDEFD3}.Debug|Any CPU.ActiveCfg = Debug|Any CPU
		{CEF9E2FC-24DC-463C-B7FF-1A88CACDEFD3}.Debug|Any CPU.Build.0 = Debug|Any CPU
		{CEF9E2FC-24DC-463C-B7FF-1A88CACDEFD3}.Release|Any CPU.ActiveCfg = Release|Any CPU
		{CEF9E2FC-24DC-463C-B7FF-1A88CACDEFD3}.Release|Any CPU.Build.0 = Release|Any CPU
		{A89477C2-3751-4418-8BEB-DFBEE2000F4B}.Debug|Any CPU.ActiveCfg = Debug|Any CPU
		{A89477C2-3751-4418-8BEB-DFBEE2000F4B}.Debug|Any CPU.Build.0 = Debug|Any CPU
		{A89477C2-3751-4418-8BEB-DFBEE2000F4B}.Release|Any CPU.ActiveCfg = Release|Any CPU
		{A89477C2-3751-4418-8BEB-DFBEE2000F4B}.Release|Any CPU.Build.0 = Release|Any CPU
		{E6AFCF33-0B7B-4983-8356-CA36A2123D00}.Debug|Any CPU.ActiveCfg = Debug|Any CPU
		{E6AFCF33-0B7B-4983-8356-CA36A2123D00}.Debug|Any CPU.Build.0 = Debug|Any CPU
		{E6AFCF33-0B7B-4983-8356-CA36A2123D00}.Release|Any CPU.ActiveCfg = Release|Any CPU
		{E6AFCF33-0B7B-4983-8356-CA36A2123D00}.Release|Any CPU.Build.0 = Release|Any CPU
		{21654788-9EBE-4288-B10C-521F8DBDC51E}.Debug|Any CPU.ActiveCfg = Debug|Any CPU
		{21654788-9EBE-4288-B10C-521F8DBDC51E}.Debug|Any CPU.Build.0 = Debug|Any CPU
		{21654788-9EBE-4288-B10C-521F8DBDC51E}.Release|Any CPU.ActiveCfg = Release|Any CPU
		{21654788-9EBE-4288-B10C-521F8DBDC51E}.Release|Any CPU.Build.0 = Release|Any CPU
		{E1D2B313-E180-4667-9F0D-9C1E74CB00E3}.Debug|Any CPU.ActiveCfg = Debug|Any CPU
		{E1D2B313-E180-4667-9F0D-9C1E74CB00E3}.Debug|Any CPU.Build.0 = Debug|Any CPU
		{E1D2B313-E180-4667-9F0D-9C1E74CB00E3}.Release|Any CPU.ActiveCfg = Release|Any CPU
		{E1D2B313-E180-4667-9F0D-9C1E74CB00E3}.Release|Any CPU.Build.0 = Release|Any CPU
	EndGlobalSection
	GlobalSection(SolutionProperties) = preSolution
		HideSolutionNode = FALSE
	EndGlobalSection
	GlobalSection(ExtensibilityGlobals) = postSolution
		SolutionGuid = {80054279-E535-43C6-B624-B7FF78AC2783}
	EndGlobalSection
EndGlobal
